{
    "_meta": {
        "hash": {
            "sha256": "4572f1bce4058399fbcd053fc0b218081a673db41d3a92b4d87d9fd22551884c"
        },
        "pipfile-spec": 6,
        "requires": {
            "python_version": "3.12"
        },
        "sources": [
            {
                "name": "pypi",
                "url": "https://pypi.org/simple",
                "verify_ssl": true
            }
        ]
    },
    "default": {
        "amqp": {
            "hashes": [
                "sha256:43b3319e1b4e7d1251833a93d672b4af1e40f3d632d479b98661a95f117880a2",
                "sha256:cddc00c725449522023bad949f70fff7b48f0b1ade74d170a6f10ab044739432"
            ],
            "index": "pypi",
            "markers": "python_version >= '3.6'",
            "version": "==5.3.1"
        },
        "asgiref": {
            "hashes": [
                "sha256:3e1e3ecc849832fe52ccf2cb6686b7a55f82bb1d6aee72a58826471390335e47",
                "sha256:c343bd80a0bec947a9860adb4c432ffa7db769836c64238fc34bdc3fec84d590"
            ],
            "index": "pypi",
            "markers": "python_version >= '3.8'",
            "version": "==3.8.1"
        },
        "billiard": {
            "hashes": [
                "sha256:12b641b0c539073fc8d3f5b8b7be998956665c4233c7c1fcd66a7e677c4fb36f",
                "sha256:40b59a4ac8806ba2c2369ea98d876bc6108b051c227baffd928c644d15d8f3cb"
            ],
            "index": "pypi",
            "markers": "python_version >= '3.7'",
            "version": "==4.2.1"
        },
        "celery": {
            "hashes": [
                "sha256:2af9109a10fe28155044f4c387ce0e5e7f1fc89f9584cfb4b0df94f99a5fedc7",
                "sha256:9f4f9e57e36000c097c1b6f7a8ab29814b82771e5439836f83915823809729c8"
            ],
            "index": "pypi",
            "markers": "python_version >= '3.8'",
            "version": "==5.5.1"
        },
        "click": {
            "hashes": [
                "sha256:63c132bbbed01578a06712a2d1f497bb62d9c1c0d329b7903a866228027263b2",
                "sha256:ed53c9d8990d83c2a27deae68e4ee337473f6330c040a31d4225c9574d16096a"
            ],
            "index": "pypi",
            "markers": "python_version >= '3.7'",
            "version": "==8.1.8"
        },
        "click-didyoumean": {
            "hashes": [
                "sha256:4f82fdff0dbe64ef8ab2279bd6aa3f6a99c3b28c05aa09cbfc07c9d7fbb5a463",
                "sha256:5c4bb6007cfea5f2fd6583a2fb6701a22a41eb98957e63d0fac41c10e7c3117c"
            ],
            "index": "pypi",
            "markers": "python_full_version >= '3.6.2'",
            "version": "==0.3.1"
        },
        "click-plugins": {
            "hashes": [
                "sha256:46ab999744a9d831159c3411bb0c79346d94a444df9a3a3742e9ed63645f264b",
                "sha256:5d262006d3222f5057fd81e1623d4443e41dcda5dc815c06b442aa3c02889fc8"
            ],
            "index": "pypi",
            "version": "==1.1.1"
        },
        "click-repl": {
            "hashes": [
                "sha256:17849c23dba3d667247dc4defe1757fff98694e90fe37474f3feebb69ced26a9",
                "sha256:fb7e06deb8da8de86180a33a9da97ac316751c094c6899382da7feeeeb51b812"
            ],
            "index": "pypi",
            "markers": "python_version >= '3.6'",
            "version": "==0.3.0"
        },
        "colorama": {
            "hashes": [
                "sha256:08695f5cb7ed6e0531a20572697297273c47b8cae5a63ffc6d6ed5c201be6e44",
                "sha256:4f1d9991f5acc0ca119f9d443620b77f9d6b33703e51011c16baf57afb285fc6"
            ],
            "index": "pypi",
            "markers": "python_version >= '2.7' and python_version not in '3.0, 3.1, 3.2, 3.3, 3.4, 3.5, 3.6'",
            "version": "==0.4.6"
        },
        "cron-descriptor": {
            "hashes": [
                "sha256:736b3ae9d1a99bc3dbfc5b55b5e6e7c12031e7ba5de716625772f8b02dcd6013",
                "sha256:f51ce4ffc1d1f2816939add8524f206c376a42c87a5fca3091ce26725b3b1bca"
            ],
            "index": "pypi",
            "version": "==1.4.5"
        },
        "dj-database-url": {
            "hashes": [
                "sha256:ae52e8e634186b57e5a45e445da5dc407a819c2ceed8a53d1fac004cc5288787",
                "sha256:bb0d414ba0ac5cd62773ec7f86f8cc378a9dbb00a80884c2fc08cc570452521e"
            ],
            "index": "pypi",
            "version": "==2.3.0"
        },
        "django": {
            "hashes": [
                "sha256:11b28fa4b00e59d0def004e9ee012fefbb1065a5beb39ee838983fd24493ad4f",
                "sha256:42e92a1dd2810072bcc40a39a212b693f94406d0ba0749e68eb642f31dc770b4"
            ],
            "index": "pypi",
            "markers": "python_version >= '3.10'",
            "version": "==5.1.8"
        },
        "django-celery-beat": {
            "hashes": [
                "sha256:8482034925e09b698c05ad61c36ed2a8dbc436724a3fe119215193a4ca6dc967",
                "sha256:851c680d8fbf608ca5fecd5836622beea89fa017bc2b3f94a5b8c648c32d84b1"
            ],
            "index": "pypi",
            "markers": "python_version >= '3.8'",
            "version": "==2.7.0"
        },
        "django-countries": {
            "hashes": [
                "sha256:1ed20842fe0f6194f91faca21076649513846a8787c9eb5aeec3cbe1656b8acc",
                "sha256:c772d4e3e54afcc5f97a018544e96f246c6d9f1db51898ab0c15cd57e19437cf"
            ],
            "index": "pypi",
            "version": "==7.6.1"
        },
        "django-timezone-field": {
            "hashes": [
                "sha256:93914713ed882f5bccda080eda388f7006349f25930b6122e9b07bf8db49c4b4",
                "sha256:b3ef409d88a2718b566fabe10ea996f2838bc72b22d3a2900c0aa905c761380c"
            ],
            "index": "pypi",
            "markers": "python_version >= '3.8' and python_version < '4.0'",
            "version": "==7.1"
        },
        "djangorestframework": {
            "hashes": [
                "sha256:bea7e9f6b96a8584c5224bfb2e4348dfb3f8b5e34edbecb98da258e892089361",
                "sha256:f022ff46613584de994c0c6a4aebbace5fd700555fbe9d33b865ebf173eba6c9"
            ],
            "index": "pypi",
            "markers": "python_version >= '3.9'",
            "version": "==3.16.0"
        },
        "djangorestframework-simplejwt": {
            "hashes": [
                "sha256:474a1b737067e6462b3609627a392d13a4da8a08b1f0574104ac6d7b1406f90e",
                "sha256:4ef6b38af20cdde4a4a51d1fd8e063cbbabb7b45f149cc885d38d905c5a62edb"
            ],
            "index": "pypi",
            "markers": "python_version >= '3.9'",
            "version": "==5.5.0"
        },
        "drf-yasg": {
            "hashes": [
                "sha256:4d832e108dfe38e365101c36123576b498487d33bf27d57d6a37efb4cc773438",
                "sha256:f86d50faee3c31fcec4545985a871f832366c7fb5b77b62c48089d56ecf4f8d4"
            ],
            "index": "pypi",
            "markers": "python_version >= '3.6'",
            "version": "==1.21.10"
        },
        "hiredis": {
            "hashes": [
                "sha256:0322d70f3328b97da14b6e98b18f0090a12ed8a8bf7ae20932e2eb9d1bb0aa2c",
                "sha256:0614e16339f1784df3bbd2800322e20b4127d3f3a3509f00a5562efddb2521aa",
                "sha256:072c162260ebb1d892683107da22d0d5da7a1414739eae4e185cac22fe89627f",
                "sha256:07ab990d0835f36bf358dbb84db4541ac0a8f533128ec09af8f80a576eef2e88",
                "sha256:09e89e7d34cfe5ca8f7a869fca827d1af0afe8aaddb26b38c01058730edb79ad",
                "sha256:0f8ca13e2476ffd6d5be4763f5868133506ddcfa5ce54b4dac231ebdc19be6c6",
                "sha256:0ffa2552f704a45954627697a378fc2f559004e53055b82f00daf30bd4305330",
                "sha256:107b66ce977bb2dff8f2239e68344360a75d05fed3d9fa0570ac4d3020ce2396",
                "sha256:1110eae007f30e70a058d743e369c24430327cd01fd97d99519d6794a58dd587",
                "sha256:13f5b16f97d0bbd1c04ce367c49097d1214d60e11f9fee7ef2a9b54e0a6645c8",
                "sha256:18e703ff860c1d83abbcf57012b309ead02b56b60e85150c6c3bfb37cbb16ebf",
                "sha256:1c22fa74ddd063396b19fe8445a1ae8b4190eff755d5750dda48e860a45b2ee7",
                "sha256:2102a94063d878c40df92f55199637a74f535e3a0b79ceba4a00538853a21be3",
                "sha256:230dd0e77cb0f525f58a1306a7b4aaf078037fc5229110922332ca46f90821bb",
                "sha256:2892db9db21f0cf7cc298d09f85d3e1f6dc4c4c24463ab67f79bc7a006d51867",
                "sha256:2af62070aa9433802cae7be7364d5e82f76462c6a2ae34e53008b637aaa9a156",
                "sha256:2e04c7feb9467e3170cd4d5bee381775783d81bbc45d6147c1c0ce3b50dc04f9",
                "sha256:3004ef7436feb7bfa61c0b36d422b8fb8c29aaa1a514c9405f0fdee5e9694dd3",
                "sha256:34d25aa25c10f966d5415795ed271da84605044dbf436c054966cea5442451b3",
                "sha256:34f3f5f0354db2d6797a6fb08d2c036a50af62a1d919d122c1c784304ef49347",
                "sha256:35b5fc061c8a0dbfdb440053280504d6aaa8d9726bd4d1d0e1cfcbbdf0d60b73",
                "sha256:363e21fba55e1a26349dc9ca7da6b14332123879b6359bcee4a9acecb40ca33b",
                "sha256:37aed4aa9348600145e2d019c7be27855e503ecc4906c6976ff2f3b52e3d5d97",
                "sha256:39efab176fca3d5111075f6ba56cd864f18db46d858289d39360c5672e0e5c3e",
                "sha256:3b5bd8adfe8742e331a94cccd782bffea251fa70d9a709e71f4510f50794d700",
                "sha256:3dbf9163296fa45fbddcfc4c5900f10e9ddadda37117dbfb641e327e536b53e0",
                "sha256:3e9445b7f117a9c8c8ccad97cb44daa55ddccff3cbc9079984eac56d982ba01f",
                "sha256:4180dc5f646b426e5fa1212e1348c167ee2a864b3a70d56579163d64a847dd1e",
                "sha256:4663a319ab7d22c597b9421e5ea384fd583e044f2f1ca9a1b98d4fef8a0fea2f",
                "sha256:4a018340c073cf88cb635b2bedff96619df2f666018c655e7911f46fa2c1c178",
                "sha256:4ef5ad8b91530e4d10a68562b0a380ea22705a60e88cecee086d7c63a38564ce",
                "sha256:4f12018e5c5f866a1c3f7017cb2d88e5c6f9440df2281e48865a2b6c40f247f4",
                "sha256:511e36a6fa41d3efab3cd5cd70ac388ed825993b9e66fa3b0e47cf27a2f5ffee",
                "sha256:51d40ac3611091020d7dea6b05ed62cb152bff595fa4f931e7b6479d777acf7c",
                "sha256:539e5bb725b62b76a5319a4e68fc7085f01349abc2316ef3df608ea0883c51d2",
                "sha256:570cbf31413c77fe5e7c157f2943ca4400493ddd9cf2184731cfcafc753becd7",
                "sha256:59a9230f3aa38a33d09d8171400de202f575d7a38869e5ce2947829bca6fe359",
                "sha256:5c54a88eb9d8ebc4e5eefaadbe2102a4f7499f9e413654172f40aefd25350959",
                "sha256:5ce71a797b5bc02c51da082428c00251ed6a7a67a03acbda5fbf9e8d028725f6",
                "sha256:676b3d88674134bfaaf70dac181d1790b0f33b3187bfb9da9221e17e0e624f83",
                "sha256:6c840b9cec086328f2ee2cfee0038b5d6bbb514bac7b5e579da6e346eaac056c",
                "sha256:72a98ccc7b8ec9ce0100ecf59f45f05d2023606e8e3676b07a316d1c1c364072",
                "sha256:732cf1c5cf1324f7bf3b6086976fe62a2ca98f0bf6316f31063c2c67be8797bc",
                "sha256:7acdc68e29a446ad17aadaff19c981a36b3bd8c894c3520412c8a7ab1c3e0de7",
                "sha256:7acf35cfa7ec9e1e7559c04e7095628f7d06049b5f24dcb58c1a55ef6dc689f8",
                "sha256:7c76e751fd1e2f221dec09cdc24040ee486886e943d5d7ffc256e8cf15c75e51",
                "sha256:7d3880f213b6f14e9c69ce52beffd1748eecc8669698c4782761887273b6e1bd",
                "sha256:802474c18e878b3f9905e160a8b7df87d57885758083eda76c5978265acb41aa",
                "sha256:8060fa256862b0c3de64a73ab45bc1ccf381caca464f2647af9075b200828948",
                "sha256:8095ef159896e5999a795b0f80e4d64281301a109e442a8d29cd750ca6bd8303",
                "sha256:87c2b3fe7e7c96eba376506a76e11514e07e848f737b254e0973e4b5c3a491e9",
                "sha256:89b83e76eb00ab0464e7b0752a3ffcb02626e742e9509bc141424a9c3202e8dc",
                "sha256:8a45ff7915392a55d9386bb235ea1d1eb9960615f301979f02143fc20036b699",
                "sha256:8f1240bde53d3d1676f0aba61b3661560dc9a681cae24d9de33e650864029aa4",
                "sha256:9020fd7e58f489fda6a928c31355add0e665fd6b87b21954e675cf9943eafa32",
                "sha256:93811d60b0f73d0f049c86f4373a3833b4a38fce374ab151074d929553eb4304",
                "sha256:93a6c9230e5a5565847130c0e1005c8d3aa5ca681feb0ed542c4651323d32feb",
                "sha256:93cfa6cc25ee2ceb0be81dc61eca9995160b9e16bdb7cca4a00607d57e998918",
                "sha256:9646de31f5994e6218311dcf216e971703dbf804c510fd3f84ddb9813c495824",
                "sha256:98ebf08c907836b70a8f40e030df8ab6f174dc7f6fa765251d813e89f14069d8",
                "sha256:9acf7f0e7106f631cd618eb60ec9bbd6e43045addd5310f66ba1177209567e59",
                "sha256:9b2d6e33601c67c074c367fdccdd6033e642284e7a56adc130f18f724c378ca8",
                "sha256:9b390f63191bcccbb6044d4c118acdf4fa55f38e5658ac4cfd5a33a6f0c07659",
                "sha256:9fc4e35b4afb0af6da55495dd0742ad32ab88150428a6ecdbb3085cbd60714e8",
                "sha256:a26fa888025badb5563f283cc19594c215a413e905729e59a5f7cf3f46d66c32",
                "sha256:a31806306a60f3565c04c964d6bee0e9d4a5120e1da589e41976b53972edf635",
                "sha256:a5f65e89ce50a94d9490d5442a649c6116f53f216c8c14eb37cf9637956482b2",
                "sha256:a86b9fef256c2beb162244791fdc025aa55f936d6358e86e2020e512fe2e4972",
                "sha256:aa36688c10a08f626fddcf68c2b1b91b0e90b070c26e550a4151a877f5c2d431",
                "sha256:aed10d9df1e2fb0011db2713ac64497462e9c2c0208b648c97569da772b959ca",
                "sha256:af46a4be0e82df470f68f35316fa16cd1e134d1c5092fc1082e1aad64cce716d",
                "sha256:b621a89fc29b3f4b01be6640ec81a6a94b5382bc78fecb876408d57a071e45aa",
                "sha256:b6d1c9e1fce5e0a94072667ae2bf0142b89ebbb1917d3531184e060a43f3ee11",
                "sha256:b87cddd8107487863fed6994de51e5594a0be267b0b19e213694e99cdd614623",
                "sha256:b885695dce7a39b1fd9a609ed9c4cf312e53df2ec028d5a78af7a891b5fbea4d",
                "sha256:b9b4da8162cf289781732d6a5ba01d820c42c05943fcdb7de307d03639961db3",
                "sha256:bad3b1e0c83849910f28c95953417106f539277035a4b515d1425f93947bc28f",
                "sha256:bc117a04bcb461d3bb1b2c5b417aee3442e1e8aa33ebc800481431f4c09fe0c5",
                "sha256:bc51f594c2c0863ded6501642dc96701ca8bbea9ced4fa3af0a1aeda8aa634cb",
                "sha256:bc63d698c43aea500a84d8b083f830c03808b6cf3933ae4d35a27f0a3d881652",
                "sha256:bd33db977ac7af97e8d035ffadb163b00546be22e5f1297b2123f5f9bf0f8a21",
                "sha256:c156156798729eadc9ab76ffee96c88b93cc1c3b493f4dd0a4341f53939194ee",
                "sha256:c2bc713ee73ab9de4a0d68b0ab0f29612342b63173714742437b977584adb2d8",
                "sha256:c339ff4b4739b2a40da463763dd566129762f72926bca611ad9a457a9fe64abd",
                "sha256:c5c44e9fa6f4462d0330cb5f5d46fa652512fc86b41d4d1974d0356f263e9105",
                "sha256:c5cd20804e3cb0d31e7d899d8dd091f569c33fe40d4bade670a067ab7d31c2ac",
                "sha256:c6b232c43e89755ba332c2745ddab059c0bc1a0f01448a3a14d506f8448b1ce6",
                "sha256:c7e06baea05de57e1e7548064f505a6964e992674fe61b8f274afe2ac93b6371",
                "sha256:c89d2dcb271d24c44f02264233b75d5db8c58831190fa92456a90b87fa17b748",
                "sha256:cf3d2299b054e57a9f97ca08704c2843e44f29b57dc69b76a2592ecd212efe1a",
                "sha256:cf6844035abf47d52a1c3f4257255af3bf3b0f14d559b08eaa45885418c6c55d",
                "sha256:d1a6f889514ee2452300c9a06862fceedef22a2891f1c421a27b1ba52ef130b2",
                "sha256:d302deff8cb63a7feffc1844e4dafc8076e566bbf10c5aaaf0f4fe791b8a6bd0",
                "sha256:d3cfb4089e96f8f8ee9554da93148a9261aa6612ad2cc202c1a494c7b712e31f",
                "sha256:d92144e0cd6e6e841a6ad343e9d58631626eeb4ac96b0322649379b5d4527447",
                "sha256:d968116caddd19d63120d1298e62b1bbc694db3360ed0d5df8c3a97edbc12552",
                "sha256:d968dde69e3fe903bf9ef00667669dcf04a3e096e33aaf138775106ead138bc8",
                "sha256:e38d7a56b1a79ed0bbb9e6fe376d82e3f4dcc646ae47472f2c858e19a597c112",
                "sha256:e38d8a325f9a6afac1b1c72d996d1add9e1b99696ce9410538ba5e9aa8fdba02",
                "sha256:e665b14ab50aa175cfa306fcb00fffd4e3ff02ceb36ca6a4df00b1246d6a73c4",
                "sha256:e812a4e656bbd1c1c15c844b28259c49e26bb384837e44e8d2aa55412c91d2f7",
                "sha256:ea4f5ecf9dbea93c827486f59c606684c3496ea71c7ba9a8131932780696e61a",
                "sha256:eb5316c9a65c4dde80796aa245b76011bab64eb84461a77b0a61c1bf2970bcc9",
                "sha256:f1e8ba6414ac1ae536129e18c069f3eb497df5a74e136e3566471620a4fa5f95",
                "sha256:f3982a9c16c1c4bc05a00b65d01ffb8d80ea1a7b6b533be2f1a769d3e989d2c0",
                "sha256:f50763cd819d4a52a47b5966d4bb47dee34b637c5fa6402509800eee6ecb61e6",
                "sha256:f7c7f89e0bc4246115754e2eda078a111282f6d6ecc6fb458557b724fe6f2aac",
                "sha256:f9ea0678806c53d96758e74c6a898f9d506a2e3367a344757f768bef9e069366",
                "sha256:fcb91ba42903de637b94a1b64477f381f94ad82c0742c264f9245be76a7a3cbc"
            ],
            "index": "pypi",
            "markers": "python_version >= '3.8'",
            "version": "==3.1.0"
        },
        "inflection": {
            "hashes": [
                "sha256:1a29730d366e996aaacffb2f1f1cb9593dc38e2ddd30c91250c6dde09ea9b417",
                "sha256:f38b2b640938a4f35ade69ac3d053042959b62a0f1076a5bbaa1b9526605a8a2"
            ],
            "index": "pypi",
            "markers": "python_version >= '3.5'",
            "version": "==0.5.1"
        },
        "kombu": {
            "hashes": [
                "sha256:2dd27ec84fd843a4e0a7187424313f87514b344812cb98c25daddafbb6a7ff0e",
                "sha256:40f3674ed19603b8a771b6c74de126dbf8879755a0337caac6602faa82d539cd"
            ],
            "index": "pypi",
            "markers": "python_version >= '3.8'",
            "version": "==5.5.2"
        },
        "packaging": {
            "hashes": [
                "sha256:09abb1bccd265c01f4a3aa3f7a7db064b36514d2cba19a2f694fe6150451a759",
                "sha256:c228a6dc5e932d346bc5739379109d49e8853dd8223571c7c5b55260edc0b97f"
            ],
            "index": "pypi",
            "markers": "python_version >= '3.8'",
            "version": "==24.2"
        },
        "pillow": {
            "hashes": [
                "sha256:014ca0050c85003620526b0ac1ac53f56fc93af128f7546623cc8e31875ab928",
                "sha256:036e53f4170e270ddb8797d4c590e6dd14d28e15c7da375c18978045f7e6c37b",
                "sha256:062b7a42d672c45a70fa1f8b43d1d38ff76b63421cbbe7f88146b39e8a558d91",
                "sha256:0c3e6d0f59171dfa2e25d7116217543310908dfa2770aa64b8f87605f8cacc97",
                "sha256:0c7b29dbd4281923a2bfe562acb734cee96bbb129e96e6972d315ed9f232bef4",
                "sha256:0f5c7eda47bf8e3c8a283762cab94e496ba977a420868cb819159980b6709193",
                "sha256:127bf6ac4a5b58b3d32fc8289656f77f80567d65660bc46f72c0d77e6600cc95",
                "sha256:14e33b28bf17c7a38eede290f77db7c664e4eb01f7869e37fa98a5aa95978941",
                "sha256:14f73f7c291279bd65fda51ee87affd7c1e097709f7fdd0188957a16c264601f",
                "sha256:191955c55d8a712fab8934a42bfefbf99dd0b5875078240943f913bb66d46d9f",
                "sha256:1d535df14716e7f8776b9e7fee118576d65572b4aad3ed639be9e4fa88a1cad3",
                "sha256:208653868d5c9ecc2b327f9b9ef34e0e42a4cdd172c2988fd81d62d2bc9bc044",
                "sha256:21e1470ac9e5739ff880c211fc3af01e3ae505859392bf65458c224d0bf283eb",
                "sha256:225c832a13326e34f212d2072982bb1adb210e0cc0b153e688743018c94a2681",
                "sha256:25a5f306095c6780c52e6bbb6109624b95c5b18e40aab1c3041da3e9e0cd3e2d",
                "sha256:2728567e249cdd939f6cc3d1f049595c66e4187f3c34078cbc0a7d21c47482d2",
                "sha256:2b490402c96f907a166615e9a5afacf2519e28295f157ec3a2bb9bd57de638cb",
                "sha256:312c77b7f07ab2139924d2639860e084ec2a13e72af54d4f08ac843a5fc9c79d",
                "sha256:31df6e2d3d8fc99f993fd253e97fae451a8db2e7207acf97859732273e108406",
                "sha256:35ca289f712ccfc699508c4658a1d14652e8033e9b69839edf83cbdd0ba39e70",
                "sha256:3692b68c87096ac6308296d96354eddd25f98740c9d2ab54e1549d6c8aea9d79",
                "sha256:36d6b82164c39ce5482f649b437382c0fb2395eabc1e2b1702a6deb8ad647d6e",
                "sha256:39ad2e0f424394e3aebc40168845fee52df1394a4673a6ee512d840d14ab3013",
                "sha256:3e645b020f3209a0181a418bffe7b4a93171eef6c4ef6cc20980b30bebf17b7d",
                "sha256:3fe735ced9a607fee4f481423a9c36701a39719252a9bb251679635f99d0f7d2",
                "sha256:4b835d89c08a6c2ee7781b8dd0a30209a8012b5f09c0a665b65b0eb3560b6f36",
                "sha256:4d375eb838755f2528ac8cbc926c3e31cc49ca4ad0cf79cff48b20e30634a4a7",
                "sha256:4eb92eca2711ef8be42fd3f67533765d9fd043b8c80db204f16c8ea62ee1a751",
                "sha256:5119225c622403afb4b44bad4c1ca6c1f98eed79db8d3bc6e4e160fc6339d66c",
                "sha256:562d11134c97a62fe3af29581f083033179f7ff435f78392565a1ad2d1c2c45c",
                "sha256:598174aef4589af795f66f9caab87ba4ff860ce08cd5bb447c6fc553ffee603c",
                "sha256:63b5dff3a68f371ea06025a1a6966c9a1e1ee452fc8020c2cd0ea41b83e9037b",
                "sha256:6ebce70c3f486acf7591a3d73431fa504a4e18a9b97ff27f5f47b7368e4b9dd1",
                "sha256:738db0e0941ca0376804d4de6a782c005245264edaa253ffce24e5a15cbdc7bd",
                "sha256:7491cf8a79b8eb867d419648fff2f83cb0b3891c8b36da92cc7f1931d46108c8",
                "sha256:74ee3d7ecb3f3c05459ba95eed5efa28d6092d751ce9bf20e3e253a4e497e691",
                "sha256:750f96efe0597382660d8b53e90dd1dd44568a8edb51cb7f9d5d918b80d4de14",
                "sha256:78092232a4ab376a35d68c4e6d5e00dfd73454bd12b230420025fbe178ee3b0b",
                "sha256:78afba22027b4accef10dbd5eed84425930ba41b3ea0a86fa8d20baaf19d807f",
                "sha256:7bdb5e09068332578214cadd9c05e3d64d99e0e87591be22a324bdbc18925be0",
                "sha256:80f1df8dbe9572b4b7abdfa17eb5d78dd620b1d55d9e25f834efdbee872d3aed",
                "sha256:85d27ea4c889342f7e35f6d56e7e1cb345632ad592e8c51b693d7b7556043ce0",
                "sha256:8b02d8f9cb83c52578a0b4beadba92e37d83a4ef11570a8688bbf43f4ca50909",
                "sha256:8ce2e8411c7aaef53e6bb29fe98f28cd4fbd9a1d9be2eeea434331aac0536b22",
                "sha256:8f4f3724c068be008c08257207210c138d5f3731af6c155a81c2b09a9eb3a788",
                "sha256:9622e3b6c1d8b551b6e6f21873bdcc55762b4b2126633014cea1803368a9aa16",
                "sha256:9b7b0d4fd2635f54ad82785d56bc0d94f147096493a79985d0ab57aedd563156",
                "sha256:9bc7ae48b8057a611e5fe9f853baa88093b9a76303937449397899385da06fad",
                "sha256:9db98ab6565c69082ec9b0d4e40dd9f6181dab0dd236d26f7a50b8b9bfbd5076",
                "sha256:9ee66787e095127116d91dea2143db65c7bb1e232f617aa5957c0d9d2a3f23a7",
                "sha256:a0a6709b47019dff32e678bc12c63008311b82b9327613f534e496dacaefb71e",
                "sha256:a64dd61998416367b7ef979b73d3a85853ba9bec4c2925f74e588879a58716b6",
                "sha256:aa442755e31c64037aa7c1cb186e0b369f8416c567381852c63444dd666fb772",
                "sha256:ad275964d52e2243430472fc5d2c2334b4fc3ff9c16cb0a19254e25efa03a155",
                "sha256:b0e130705d568e2f43a17bcbe74d90958e8a16263868a12c3e0d9c8162690830",
                "sha256:b10428b3416d4f9c61f94b494681280be7686bda15898a3a9e08eb66a6d92d67",
                "sha256:b2dbea1012ccb784a65349f57bbc93730b96e85b42e9bf7b01ef40443db720b4",
                "sha256:b4ba4be812c7a40280629e55ae0b14a0aafa150dd6451297562e1764808bbe61",
                "sha256:b93a07e76d13bff9444f1a029e0af2964e654bfc2e2c2d46bfd080df5ad5f3d8",
                "sha256:bf2c33d6791c598142f00c9c4c7d47f6476731c31081331664eb26d6ab583e01",
                "sha256:c27476257b2fdcd7872d54cfd119b3a9ce4610fb85c8e32b70b42e3680a29a1e",
                "sha256:c8bd62331e5032bc396a93609982a9ab6b411c05078a52f5fe3cc59234a3abd1",
                "sha256:c97209e85b5be259994eb5b69ff50c5d20cca0f458ef9abd835e262d9d88b39d",
                "sha256:cc1c3bc53befb6096b84165956e886b1729634a799e9d6329a0c512ab651e579",
                "sha256:cc5d875d56e49f112b6def6813c4e3d3036d269c008bf8aef72cd08d20ca6df6",
                "sha256:d189ba1bebfbc0c0e529159631ec72bb9e9bc041f01ec6d3233d6d82eb823bc1",
                "sha256:d4e5c5edee874dce4f653dbe59db7c73a600119fbea8d31f53423586ee2aafd7",
                "sha256:d57a75d53922fc20c165016a20d9c44f73305e67c351bbc60d1adaf662e74047",
                "sha256:da3104c57bbd72948d75f6a9389e6727d2ab6333c3617f0a89d72d4940aa0443",
                "sha256:dd6b20b93b3ccc9c1b597999209e4bc5cf2853f9ee66e3fc9a400a78733ffc9a",
                "sha256:e0409af9f829f87a2dfb7e259f78f317a5351f2045158be321fd135973fff7bf",
                "sha256:e0b55f27f584ed623221cfe995c912c61606be8513bfa0e07d2c674b4516d9dd",
                "sha256:e616e7154c37669fc1dfc14584f11e284e05d1c650e1c0f972f281c4ccc53193",
                "sha256:e6def7eed9e7fa90fde255afaf08060dc4b343bbe524a8f69bdd2a2f0018f600",
                "sha256:ea926cfbc3957090becbcbbb65ad177161a2ff2ad578b5a6ec9bb1e1cd78753c",
                "sha256:f0d3348c95b766f54b76116d53d4cb171b52992a1027e7ca50c81b43b9d9e363",
                "sha256:f6b0c664ccb879109ee3ca702a9272d877f4fcd21e5eb63c26422fd6e415365e",
                "sha256:f781dcb0bc9929adc77bad571b8621ecb1e4cdef86e940fe2e5b5ee24fd33b35",
                "sha256:f91ebf30830a48c825590aede79376cb40f110b387c17ee9bd59932c961044f9",
                "sha256:fdec757fea0b793056419bca3e9932eb2b0ceec90ef4813ea4c1e072c389eb28",
                "sha256:fe15238d3798788d00716637b3d4e7bb6bde18b26e5d08335a96e88564a36b6b"
            ],
            "index": "pypi",
            "markers": "python_version >= '3.9'",
            "version": "==11.2.1"
        },
        "prompt-toolkit": {
            "hashes": [
                "sha256:544748f3860a2623ca5cd6d2795e7a14f3d0e1c3c9728359013f79877fc89bab",
                "sha256:9b6427eb19e479d98acff65196a307c555eb567989e6d88ebbb1b509d9779198"
            ],
            "index": "pypi",
            "markers": "python_full_version >= '3.8.0'",
            "version": "==3.0.50"
        },
        "psycopg2": {
            "hashes": [
                "sha256:0435034157049f6846e95103bd8f5a668788dd913a7c30162ca9503fdf542cb4",
                "sha256:12ec0b40b0273f95296233e8750441339298e6a572f7039da5b260e3c8b60e11",
                "sha256:47c4f9875125344f4c2b870e41b6aad585901318068acd01de93f3677a6522c2",
                "sha256:4a579d6243da40a7b3182e0430493dbd55950c493d8c68f4eec0b302f6bbf20e",
                "sha256:5df2b672140f95adb453af93a7d669d7a7bf0a56bcd26f1502329166f4a61716",
                "sha256:65a63d7ab0e067e2cdb3cf266de39663203d38d6a8ed97f5ca0cb315c73fe067",
                "sha256:88138c8dedcbfa96408023ea2b0c369eda40fe5d75002c0964c78f46f11fa442",
                "sha256:91fd603a2155da8d0cfcdbf8ab24a2d54bca72795b90d2a3ed2b6da8d979dee2",
                "sha256:9d5b3b94b79a844a986d029eee38998232451119ad653aea42bb9220a8c5066b",
                "sha256:c6f7b8561225f9e711a9c47087388a97fdc948211c10a4bccbf0ba68ab7b3b5a"
            ],
            "index": "pypi",
            "markers": "python_version >= '3.8'",
            "version": "==2.9.10"
        },
        "pyjwt": {
            "hashes": [
                "sha256:3b02fb0f44517787776cf48f2ae25d8e14f300e6d7545a4315cee571a415e850",
                "sha256:7e1e5b56cc735432a7369cbfa0efe50fa113ebecdc04ae6922deba8b84582d0c"
            ],
            "index": "pypi",
            "markers": "python_version >= '3.8'",
            "version": "==2.9.0"
        },
        "python-crontab": {
            "hashes": [
                "sha256:40067d1dd39ade3460b2ad8557c7651514cd3851deffff61c5c60e1227c5c36b",
                "sha256:82cb9b6a312d41ff66fd3caf3eed7115c28c195bfb50711bc2b4b9592feb9fe5"
            ],
            "index": "pypi",
            "version": "==3.2.0"
        },
        "python-dateutil": {
            "hashes": [
                "sha256:37dd54208da7e1cd875388217d5e00ebd4179249f90fb72437e91a35459a0ad3",
                "sha256:a8b2bc7bffae282281c8140a97d3aa9c14da0b136dfe83f850eea9a5f7470427"
            ],
            "index": "pypi",
            "markers": "python_version >= '2.7' and python_version not in '3.0, 3.1, 3.2'",
            "version": "==2.9.0.post0"
        },
        "python-decouple": {
            "hashes": [
                "sha256:ba6e2657d4f376ecc46f77a3a615e058d93ba5e465c01bbe57289bfb7cce680f",
                "sha256:d0d45340815b25f4de59c974b855bb38d03151d81b037d9e3f463b0c9f8cbd66"
            ],
            "index": "pypi",
            "version": "==3.8"
        },
        "python-dotenv": {
            "hashes": [
                "sha256:41f90bc6f5f177fb41f53e87666db362025010eb28f60a01c9143bfa33a2b2d5",
                "sha256:d7c01d9e2293916c18baf562d95698754b0dbbb5e74d457c45d4f6561fb9d55d"
            ],
            "index": "pypi",
            "markers": "python_version >= '3.9'",
            "version": "==1.1.0"
        },
        "pytz": {
            "hashes": [
                "sha256:360b9e3dbb49a209c21ad61809c7fb453643e048b38924c765813546746e81c3",
                "sha256:5ddf76296dd8c44c26eb8f4b6f35488f3ccbf6fbbd7adee0b7262d43f0ec2f00"
            ],
            "index": "pypi",
            "version": "==2025.2"
        },
        "pyyaml": {
            "hashes": [
                "sha256:01179a4a8559ab5de078078f37e5c1a30d76bb88519906844fd7bdea1b7729ff",
                "sha256:0833f8694549e586547b576dcfaba4a6b55b9e96098b36cdc7ebefe667dfed48",
                "sha256:0a9a2848a5b7feac301353437eb7d5957887edbf81d56e903999a75a3d743086",
                "sha256:0b69e4ce7a131fe56b7e4d770c67429700908fc0752af059838b1cfb41960e4e",
                "sha256:0ffe8360bab4910ef1b9e87fb812d8bc0a308b0d0eef8c8f44e0254ab3b07133",
                "sha256:11d8f3dd2b9c1207dcaf2ee0bbbfd5991f571186ec9cc78427ba5bd32afae4b5",
                "sha256:17e311b6c678207928d649faa7cb0d7b4c26a0ba73d41e99c4fff6b6c3276484",
                "sha256:1e2120ef853f59c7419231f3bf4e7021f1b936f6ebd222406c3b60212205d2ee",
                "sha256:1f71ea527786de97d1a0cc0eacd1defc0985dcf6b3f17bb77dcfc8c34bec4dc5",
                "sha256:23502f431948090f597378482b4812b0caae32c22213aecf3b55325e049a6c68",
                "sha256:24471b829b3bf607e04e88d79542a9d48bb037c2267d7927a874e6c205ca7e9a",
                "sha256:29717114e51c84ddfba879543fb232a6ed60086602313ca38cce623c1d62cfbf",
                "sha256:2e99c6826ffa974fe6e27cdb5ed0021786b03fc98e5ee3c5bfe1fd5015f42b99",
                "sha256:39693e1f8320ae4f43943590b49779ffb98acb81f788220ea932a6b6c51004d8",
                "sha256:3ad2a3decf9aaba3d29c8f537ac4b243e36bef957511b4766cb0057d32b0be85",
                "sha256:3b1fdb9dc17f5a7677423d508ab4f243a726dea51fa5e70992e59a7411c89d19",
                "sha256:41e4e3953a79407c794916fa277a82531dd93aad34e29c2a514c2c0c5fe971cc",
                "sha256:43fa96a3ca0d6b1812e01ced1044a003533c47f6ee8aca31724f78e93ccc089a",
                "sha256:50187695423ffe49e2deacb8cd10510bc361faac997de9efef88badc3bb9e2d1",
                "sha256:5ac9328ec4831237bec75defaf839f7d4564be1e6b25ac710bd1a96321cc8317",
                "sha256:5d225db5a45f21e78dd9358e58a98702a0302f2659a3c6cd320564b75b86f47c",
                "sha256:6395c297d42274772abc367baaa79683958044e5d3835486c16da75d2a694631",
                "sha256:688ba32a1cffef67fd2e9398a2efebaea461578b0923624778664cc1c914db5d",
                "sha256:68ccc6023a3400877818152ad9a1033e3db8625d899c72eacb5a668902e4d652",
                "sha256:70b189594dbe54f75ab3a1acec5f1e3faa7e8cf2f1e08d9b561cb41b845f69d5",
                "sha256:797b4f722ffa07cc8d62053e4cff1486fa6dc094105d13fea7b1de7d8bf71c9e",
                "sha256:7c36280e6fb8385e520936c3cb3b8042851904eba0e58d277dca80a5cfed590b",
                "sha256:7e7401d0de89a9a855c839bc697c079a4af81cf878373abd7dc625847d25cbd8",
                "sha256:80bab7bfc629882493af4aa31a4cfa43a4c57c83813253626916b8c7ada83476",
                "sha256:82d09873e40955485746739bcb8b4586983670466c23382c19cffecbf1fd8706",
                "sha256:8388ee1976c416731879ac16da0aff3f63b286ffdd57cdeb95f3f2e085687563",
                "sha256:8824b5a04a04a047e72eea5cec3bc266db09e35de6bdfe34c9436ac5ee27d237",
                "sha256:8b9c7197f7cb2738065c481a0461e50ad02f18c78cd75775628afb4d7137fb3b",
                "sha256:9056c1ecd25795207ad294bcf39f2db3d845767be0ea6e6a34d856f006006083",
                "sha256:936d68689298c36b53b29f23c6dbb74de12b4ac12ca6cfe0e047bedceea56180",
                "sha256:9b22676e8097e9e22e36d6b7bda33190d0d400f345f23d4065d48f4ca7ae0425",
                "sha256:a4d3091415f010369ae4ed1fc6b79def9416358877534caf6a0fdd2146c87a3e",
                "sha256:a8786accb172bd8afb8be14490a16625cbc387036876ab6ba70912730faf8e1f",
                "sha256:a9f8c2e67970f13b16084e04f134610fd1d374bf477b17ec1599185cf611d725",
                "sha256:bc2fa7c6b47d6bc618dd7fb02ef6fdedb1090ec036abab80d4681424b84c1183",
                "sha256:c70c95198c015b85feafc136515252a261a84561b7b1d51e3384e0655ddf25ab",
                "sha256:cc1c1159b3d456576af7a3e4d1ba7e6924cb39de8f67111c735f6fc832082774",
                "sha256:ce826d6ef20b1bc864f0a68340c8b3287705cae2f8b4b1d932177dcc76721725",
                "sha256:d584d9ec91ad65861cc08d42e834324ef890a082e591037abe114850ff7bbc3e",
                "sha256:d7fded462629cfa4b685c5416b949ebad6cec74af5e2d42905d41e257e0869f5",
                "sha256:d84a1718ee396f54f3a086ea0a66d8e552b2ab2017ef8b420e92edbc841c352d",
                "sha256:d8e03406cac8513435335dbab54c0d385e4a49e4945d2909a581c83647ca0290",
                "sha256:e10ce637b18caea04431ce14fabcf5c64a1c61ec9c56b071a4b7ca131ca52d44",
                "sha256:ec031d5d2feb36d1d1a24380e4db6d43695f3748343d99434e6f5f9156aaa2ed",
                "sha256:ef6107725bd54b262d6dedcc2af448a266975032bc85ef0172c5f059da6325b4",
                "sha256:efdca5630322a10774e8e98e1af481aad470dd62c3170801852d752aa7a783ba",
                "sha256:f753120cb8181e736c57ef7636e83f31b9c0d1722c516f7e86cf15b7aa57ff12",
                "sha256:ff3824dc5261f50c9b0dfb3be22b4567a6f938ccce4587b38952d85fd9e9afe4"
            ],
            "index": "pypi",
            "markers": "python_version >= '3.8'",
            "version": "==6.0.2"
        },
        "redis": {
            "hashes": [
                "sha256:16f2e22dff21d5125e8481515e386711a34cbec50f0e44413dd7d9c060a54e0f",
                "sha256:ee7e1056b9aea0f04c6c2ed59452947f34c4940ee025f5dd83e6a6418b6989e4"
            ],
            "index": "pypi",
            "markers": "python_version >= '3.8'",
            "version": "==5.2.1"
        },
        "six": {
            "hashes": [
                "sha256:4721f391ed90541fddacab5acf947aa0d3dc7d27b2e1e8eda2be8970586c3274",
                "sha256:ff70335d468e7eb6ec65b95b99d3a2836546063f63acc5171de367e834932a81"
            ],
            "index": "pypi",
            "markers": "python_version >= '2.7' and python_version not in '3.0, 3.1, 3.2'",
            "version": "==1.17.0"
        },
        "sqlparse": {
            "hashes": [
                "sha256:09f67787f56a0b16ecdbde1bfc7f5d9c3371ca683cfeaa8e6ff60b4807ec9272",
                "sha256:cf2196ed3418f3ba5de6af7e82c694a9fbdbfecccdfc72e281548517081f16ca"
            ],
            "index": "pypi",
            "markers": "python_version >= '3.8'",
            "version": "==0.5.3"
        },
        "typing-extensions": {
            "hashes": [
                "sha256:a439e7c04b49fec3e5d3e2beaa21755cadbbdc391694e28ccdd36ca4a1408f8c",
                "sha256:e6c81219bd689f51865d9e372991c540bda33a0379d5573cddb9a3a23f7caaef"
            ],
            "index": "pypi",
            "markers": "python_version >= '3.8'",
            "version": "==4.13.2"
        },
        "tzdata": {
            "hashes": [
                "sha256:1a403fada01ff9221ca8044d701868fa132215d84beb92242d9acd2147f667a8",
                "sha256:b60a638fcc0daffadf82fe0f57e53d06bdec2f36c4df66280ae79bce6bd6f2b9"
            ],
            "index": "pypi",
            "markers": "python_version >= '2'",
            "version": "==2025.2"
        },
        "uritemplate": {
            "hashes": [
                "sha256:4346edfc5c3b79f694bccd6d6099a322bbeb628dbf2cd86eea55a456ce5124f0",
                "sha256:830c08b8d99bdd312ea4ead05994a38e8936266f84b9a7878232db50b044e02e"
            ],
            "index": "pypi",
            "markers": "python_version >= '3.6'",
            "version": "==4.1.1"
        },
        "vine": {
            "hashes": [
                "sha256:40fdf3c48b2cfe1c38a49e9ae2da6fda88e4794c810050a728bd7413811fb1dc",
                "sha256:8b62e981d35c41049211cf62a0a1242d8c1ee9bd15bb196ce38aefd6799e61e0"
            ],
            "index": "pypi",
            "markers": "python_version >= '3.6'",
            "version": "==5.1.0"
        },
        "wcwidth": {
            "hashes": [
                "sha256:3da69048e4540d84af32131829ff948f1e022c1c6bdb8d6102117aac784f6859",
                "sha256:72ea0c06399eb286d978fdedb6923a9eb47e1c486ce63e9b4e64fc18303972b5"
            ],
            "index": "pypi",
            "version": "==0.2.13"
        }
    },
    "develop": {}
}
